PODS:
  - SVProgressHUD (2.1.2)
  - WLRRoute (0.1.0)

DEPENDENCIES:
  - SVProgressHUD
  - WLRRoute (from `../`)

EXTERNAL SOURCES:
  WLRRoute:
    :path: ../

SPEC CHECKSUMS:
  SVProgressHUD: c404a55d78acbeb7ebb78b76d3faf986475a6994
  WLRRoute: a89e8c807e4c614d42f96d898872a159da96bcf1

PODFILE CHECKSUM: 87c6af31cec17900e23b5ca27387430de87f13ec

COCOAPODS: 1.3.1
